
Microsoft Visual Studio Solution File, Format Version 12.00
# Visual Studio 15
VisualStudioVersion = 15.0.28010.2050
MinimumVisualStudioVersion = 10.0.40219.1
Project("{9A19103F-16F7-4668-BE54-9A1E7A4F7556}") = "CheckPE", "CheckPE\CheckPE.csproj", "{7789E72E-7779-4CC0-9369-7A66E170FBC1}"
EndProject
Project("{FAE04EC0-301F-11D3-BF4B-00C04F79EFBC}") = "x32", "x32\x32.csproj", "{E8639C02-2633-45F0-9C89-45EBB03AF0A7}"
EndProject
Project("{FAE04EC0-301F-11D3-BF4B-00C04F79EFBC}") = "x64", "x64\x64.csproj", "{FD4B6A44-3A90-44DD-9A52-ECFCE8E7F2E4}"
EndProject
Project("{FAE04EC0-301F-11D3-BF4B-00C04F79EFBC}") = "anycpu", "anycpu\anycpu.csproj", "{B47F77B3-C92B-4B58-9F2F-04EDF2414869}"
EndProject
Project("{FAE04EC0-301F-11D3-BF4B-00C04F79EFBC}") = "TestConsole", "TestConsole\TestConsole.csproj", "{C2E6443D-4BC2-474F-9359-86112FE0033A}"
EndProject
Project("{FAE04EC0-301F-11D3-BF4B-00C04F79EFBC}") = "NugetHttpModule", "NugetHttpModule\NugetHttpModule.csproj", "{1E87FE30-D12A-4C51-9A82-42AA56B9C77B}"
EndProject
Project("{FAE04EC0-301F-11D3-BF4B-00C04F79EFBC}") = "CheckPackages", "CheckPackages\CheckPackages.csproj", "{12631A24-CE46-4A1D-B9AA-A76B08E7D566}"
EndProject
Project("{FAE04EC0-301F-11D3-BF4B-00C04F79EFBC}") = "Common", "Common\Common.csproj", "{C82862C2-C9A9-47F6-98E7-632B5DBFEE4F}"
EndProject
Global
	GlobalSection(SolutionConfigurationPlatforms) = preSolution
		Coverage|Any CPU = Coverage|Any CPU
		Debug|Any CPU = Debug|Any CPU
		Mono Debug|Any CPU = Mono Debug|Any CPU
		Mono Release|Any CPU = Mono Release|Any CPU
		Release|Any CPU = Release|Any CPU
	EndGlobalSection
	GlobalSection(ProjectConfigurationPlatforms) = postSolution
		{7789E72E-7779-4CC0-9369-7A66E170FBC1}.Coverage|Any CPU.ActiveCfg = Release|Any CPU
		{7789E72E-7779-4CC0-9369-7A66E170FBC1}.Coverage|Any CPU.Build.0 = Release|Any CPU
		{7789E72E-7779-4CC0-9369-7A66E170FBC1}.Debug|Any CPU.ActiveCfg = Debug|Any CPU
		{7789E72E-7779-4CC0-9369-7A66E170FBC1}.Debug|Any CPU.Build.0 = Debug|Any CPU
		{7789E72E-7779-4CC0-9369-7A66E170FBC1}.Mono Debug|Any CPU.ActiveCfg = Debug|Any CPU
		{7789E72E-7779-4CC0-9369-7A66E170FBC1}.Mono Debug|Any CPU.Build.0 = Debug|Any CPU
		{7789E72E-7779-4CC0-9369-7A66E170FBC1}.Mono Release|Any CPU.ActiveCfg = Release|Any CPU
		{7789E72E-7779-4CC0-9369-7A66E170FBC1}.Mono Release|Any CPU.Build.0 = Release|Any CPU
		{7789E72E-7779-4CC0-9369-7A66E170FBC1}.Release|Any CPU.ActiveCfg = Release|Any CPU
		{7789E72E-7779-4CC0-9369-7A66E170FBC1}.Release|Any CPU.Build.0 = Release|Any CPU
		{E8639C02-2633-45F0-9C89-45EBB03AF0A7}.Coverage|Any CPU.ActiveCfg = Release|Any CPU
		{E8639C02-2633-45F0-9C89-45EBB03AF0A7}.Coverage|Any CPU.Build.0 = Release|Any CPU
		{E8639C02-2633-45F0-9C89-45EBB03AF0A7}.Debug|Any CPU.ActiveCfg = Debug|Any CPU
		{E8639C02-2633-45F0-9C89-45EBB03AF0A7}.Debug|Any CPU.Build.0 = Debug|Any CPU
		{E8639C02-2633-45F0-9C89-45EBB03AF0A7}.Mono Debug|Any CPU.ActiveCfg = Debug|Any CPU
		{E8639C02-2633-45F0-9C89-45EBB03AF0A7}.Mono Debug|Any CPU.Build.0 = Debug|Any CPU
		{E8639C02-2633-45F0-9C89-45EBB03AF0A7}.Mono Release|Any CPU.ActiveCfg = Release|Any CPU
		{E8639C02-2633-45F0-9C89-45EBB03AF0A7}.Mono Release|Any CPU.Build.0 = Release|Any CPU
		{E8639C02-2633-45F0-9C89-45EBB03AF0A7}.Release|Any CPU.ActiveCfg = Release|Any CPU
		{E8639C02-2633-45F0-9C89-45EBB03AF0A7}.Release|Any CPU.Build.0 = Release|Any CPU
		{FD4B6A44-3A90-44DD-9A52-ECFCE8E7F2E4}.Coverage|Any CPU.ActiveCfg = Release|Any CPU
		{FD4B6A44-3A90-44DD-9A52-ECFCE8E7F2E4}.Coverage|Any CPU.Build.0 = Release|Any CPU
		{FD4B6A44-3A90-44DD-9A52-ECFCE8E7F2E4}.Debug|Any CPU.ActiveCfg = Debug|Any CPU
		{FD4B6A44-3A90-44DD-9A52-ECFCE8E7F2E4}.Debug|Any CPU.Build.0 = Debug|Any CPU
		{FD4B6A44-3A90-44DD-9A52-ECFCE8E7F2E4}.Mono Debug|Any CPU.ActiveCfg = Debug|Any CPU
		{FD4B6A44-3A90-44DD-9A52-ECFCE8E7F2E4}.Mono Debug|Any CPU.Build.0 = Debug|Any CPU
		{FD4B6A44-3A90-44DD-9A52-ECFCE8E7F2E4}.Mono Release|Any CPU.ActiveCfg = Release|Any CPU
		{FD4B6A44-3A90-44DD-9A52-ECFCE8E7F2E4}.Mono Release|Any CPU.Build.0 = Release|Any CPU
		{FD4B6A44-3A90-44DD-9A52-ECFCE8E7F2E4}.Release|Any CPU.ActiveCfg = Release|Any CPU
		{FD4B6A44-3A90-44DD-9A52-ECFCE8E7F2E4}.Release|Any CPU.Build.0 = Release|Any CPU
		{B47F77B3-C92B-4B58-9F2F-04EDF2414869}.Coverage|Any CPU.ActiveCfg = Release|Any CPU
		{B47F77B3-C92B-4B58-9F2F-04EDF2414869}.Coverage|Any CPU.Build.0 = Release|Any CPU
		{B47F77B3-C92B-4B58-9F2F-04EDF2414869}.Debug|Any CPU.ActiveCfg = Debug|Any CPU
		{B47F77B3-C92B-4B58-9F2F-04EDF2414869}.Debug|Any CPU.Build.0 = Debug|Any CPU
		{B47F77B3-C92B-4B58-9F2F-04EDF2414869}.Mono Debug|Any CPU.ActiveCfg = Debug|Any CPU
		{B47F77B3-C92B-4B58-9F2F-04EDF2414869}.Mono Debug|Any CPU.Build.0 = Debug|Any CPU
		{B47F77B3-C92B-4B58-9F2F-04EDF2414869}.Mono Release|Any CPU.ActiveCfg = Release|Any CPU
		{B47F77B3-C92B-4B58-9F2F-04EDF2414869}.Mono Release|Any CPU.Build.0 = Release|Any CPU
		{B47F77B3-C92B-4B58-9F2F-04EDF2414869}.Release|Any CPU.ActiveCfg = Release|Any CPU
		{B47F77B3-C92B-4B58-9F2F-04EDF2414869}.Release|Any CPU.Build.0 = Release|Any CPU
		{C2E6443D-4BC2-474F-9359-86112FE0033A}.Coverage|Any CPU.ActiveCfg = Release|Any CPU
		{C2E6443D-4BC2-474F-9359-86112FE0033A}.Coverage|Any CPU.Build.0 = Release|Any CPU
		{C2E6443D-4BC2-474F-9359-86112FE0033A}.Debug|Any CPU.ActiveCfg = Debug|Any CPU
		{C2E6443D-4BC2-474F-9359-86112FE0033A}.Debug|Any CPU.Build.0 = Debug|Any CPU
		{C2E6443D-4BC2-474F-9359-86112FE0033A}.Mono Debug|Any CPU.ActiveCfg = Debug|Any CPU
		{C2E6443D-4BC2-474F-9359-86112FE0033A}.Mono Debug|Any CPU.Build.0 = Debug|Any CPU
		{C2E6443D-4BC2-474F-9359-86112FE0033A}.Mono Release|Any CPU.ActiveCfg = Release|Any CPU
		{C2E6443D-4BC2-474F-9359-86112FE0033A}.Mono Release|Any CPU.Build.0 = Release|Any CPU
		{C2E6443D-4BC2-474F-9359-86112FE0033A}.Release|Any CPU.ActiveCfg = Release|Any CPU
		{C2E6443D-4BC2-474F-9359-86112FE0033A}.Release|Any CPU.Build.0 = Release|Any CPU
		{1E87FE30-D12A-4C51-9A82-42AA56B9C77B}.Coverage|Any CPU.ActiveCfg = Release|Any CPU
		{1E87FE30-D12A-4C51-9A82-42AA56B9C77B}.Coverage|Any CPU.Build.0 = Release|Any CPU
		{1E87FE30-D12A-4C51-9A82-42AA56B9C77B}.Debug|Any CPU.ActiveCfg = Debug|Any CPU
		{1E87FE30-D12A-4C51-9A82-42AA56B9C77B}.Debug|Any CPU.Build.0 = Debug|Any CPU
		{1E87FE30-D12A-4C51-9A82-42AA56B9C77B}.Mono Debug|Any CPU.ActiveCfg = Debug|Any CPU
		{1E87FE30-D12A-4C51-9A82-42AA56B9C77B}.Mono Debug|Any CPU.Build.0 = Debug|Any CPU
		{1E87FE30-D12A-4C51-9A82-42AA56B9C77B}.Mono Release|Any CPU.ActiveCfg = Release|Any CPU
		{1E87FE30-D12A-4C51-9A82-42AA56B9C77B}.Mono Release|Any CPU.Build.0 = Release|Any CPU
		{1E87FE30-D12A-4C51-9A82-42AA56B9C77B}.Release|Any CPU.ActiveCfg = Release|Any CPU
		{1E87FE30-D12A-4C51-9A82-42AA56B9C77B}.Release|Any CPU.Build.0 = Release|Any CPU
		{12631A24-CE46-4A1D-B9AA-A76B08E7D566}.Coverage|Any CPU.ActiveCfg = Release|Any CPU
		{12631A24-CE46-4A1D-B9AA-A76B08E7D566}.Coverage|Any CPU.Build.0 = Release|Any CPU
		{12631A24-CE46-4A1D-B9AA-A76B08E7D566}.Debug|Any CPU.ActiveCfg = Debug|Any CPU
		{12631A24-CE46-4A1D-B9AA-A76B08E7D566}.Debug|Any CPU.Build.0 = Debug|Any CPU
		{12631A24-CE46-4A1D-B9AA-A76B08E7D566}.Mono Debug|Any CPU.ActiveCfg = Debug|Any CPU
		{12631A24-CE46-4A1D-B9AA-A76B08E7D566}.Mono Debug|Any CPU.Build.0 = Debug|Any CPU
		{12631A24-CE46-4A1D-B9AA-A76B08E7D566}.Mono Release|Any CPU.ActiveCfg = Release|Any CPU
		{12631A24-CE46-4A1D-B9AA-A76B08E7D566}.Mono Release|Any CPU.Build.0 = Release|Any CPU
		{12631A24-CE46-4A1D-B9AA-A76B08E7D566}.Release|Any CPU.ActiveCfg = Release|Any CPU
		{12631A24-CE46-4A1D-B9AA-A76B08E7D566}.Release|Any CPU.Build.0 = Release|Any CPU
		{C82862C2-C9A9-47F6-98E7-632B5DBFEE4F}.Coverage|Any CPU.ActiveCfg = Debug|Any CPU
		{C82862C2-C9A9-47F6-98E7-632B5DBFEE4F}.Coverage|Any CPU.Build.0 = Debug|Any CPU
		{C82862C2-C9A9-47F6-98E7-632B5DBFEE4F}.Debug|Any CPU.ActiveCfg = Debug|Any CPU
		{C82862C2-C9A9-47F6-98E7-632B5DBFEE4F}.Debug|Any CPU.Build.0 = Debug|Any CPU
		{C82862C2-C9A9-47F6-98E7-632B5DBFEE4F}.Mono Debug|Any CPU.ActiveCfg = Debug|Any CPU
		{C82862C2-C9A9-47F6-98E7-632B5DBFEE4F}.Mono Debug|Any CPU.Build.0 = Debug|Any CPU
		{C82862C2-C9A9-47F6-98E7-632B5DBFEE4F}.Mono Release|Any CPU.ActiveCfg = Release|Any CPU
		{C82862C2-C9A9-47F6-98E7-632B5DBFEE4F}.Mono Release|Any CPU.Build.0 = Release|Any CPU
		{C82862C2-C9A9-47F6-98E7-632B5DBFEE4F}.Release|Any CPU.ActiveCfg = Release|Any CPU
		{C82862C2-C9A9-47F6-98E7-632B5DBFEE4F}.Release|Any CPU.Build.0 = Release|Any CPU
	EndGlobalSection
	GlobalSection(SolutionProperties) = preSolution
		HideSolutionNode = FALSE
	EndGlobalSection
	GlobalSection(ExtensibilityGlobals) = postSolution
		SolutionGuid = {F2C4B5C4-98C8-466F-9304-9EC5D67CA1BF}
	EndGlobalSection
EndGlobal
